
Microsoft Visual Studio Solution File, Format Version 12.00
# Visual Studio Version 17
VisualStudioVersion = 17.5.33516.290
MinimumVisualStudioVersion = 10.0.40219.1
Project("{9A19103F-16F7-4668-BE54-9A1E7A4F7556}") = "Epilogue", "Epilogue.csproj", "{66C04A38-D93B-44AF-8604-9C2B00688FC4}"
EndProject
Global
	GlobalSection(SolutionConfigurationPlatforms) = preSolution
		Debug|Any CPU = Debug|Any CPU
		ExportDebug|Any CPU = ExportDebug|Any CPU
		ExportRelease|Any CPU = ExportRelease|Any CPU
	EndGlobalSection
	GlobalSection(ProjectConfigurationPlatforms) = postSolution
		{66C04A38-D93B-44AF-8604-9C2B00688FC4}.Debug|Any CPU.ActiveCfg = Debug|Any CPU
		{66C04A38-D93B-44AF-8604-9C2B00688FC4}.Debug|Any CPU.Build.0 = Debug|Any CPU
		{66C04A38-D93B-44AF-8604-9C2B00688FC4}.ExportDebug|Any CPU.ActiveCfg = ExportDebug|Any CPU
		{66C04A38-D93B-44AF-8604-9C2B00688FC4}.ExportDebug|Any CPU.Build.0 = ExportDebug|Any CPU
		{66C04A38-D93B-44AF-8604-9C2B00688FC4}.ExportRelease|Any CPU.ActiveCfg = ExportRelease|Any CPU
		{66C04A38-D93B-44AF-8604-9C2B00688FC4}.ExportRelease|Any CPU.Build.0 = ExportRelease|Any CPU
	EndGlobalSection
	GlobalSection(SolutionProperties) = preSolution
		HideSolutionNode = FALSE
	EndGlobalSection
EndGlobal
